
Microsoft Visual Studio Solution File, Format Version 12.00
# Visual Studio Version 17
VisualStudioVersion = 17.3.32901.215
MinimumVisualStudioVersion = 10.0.40219.1
Project("{2150E333-8FDC-42A3-9474-1A3956D46DE8}") = "Samples", "Samples", "{792F8F23-2F78-46AE-A221-AB907DC782E9}"
EndProject
Project("{9A19103F-16F7-4668-BE54-9A1E7A4F7556}") = "WpfCaller", "samples\WpfCaller\WpfCaller.csproj", "{CD61D5A1-C086-44F6-8737-D475DE262115}"
	ProjectSection(ProjectDependencies) = postProject
		{10243967-ED8E-4C0D-B38B-F2204EC5554B} = {10243967-ED8E-4C0D-B38B-F2204EC5554B}
		{510EECF4-FF1D-4B28-85F0-FD8014C742CA} = {510EECF4-FF1D-4B28-85F0-FD8014C742CA}
		{84F16324-3F18-4059-B273-C987C7B72EBD} = {84F16324-3F18-4059-B273-C987C7B72EBD}
		{D31BD056-BABF-43C4-9903-5F29404C327C} = {D31BD056-BABF-43C4-9903-5F29404C327C}
	EndProjectSection
EndProject
Project("{9A19103F-16F7-4668-BE54-9A1E7A4F7556}") = "SampleCaller", "samples\SampleCaller\SampleCaller.csproj", "{C2D043C2-FBB4-4F1F-8610-A688EEBB8A90}"
	ProjectSection(ProjectDependencies) = postProject
		{10243967-ED8E-4C0D-B38B-F2204EC5554B} = {10243967-ED8E-4C0D-B38B-F2204EC5554B}
		{510EECF4-FF1D-4B28-85F0-FD8014C742CA} = {510EECF4-FF1D-4B28-85F0-FD8014C742CA}
		{84F16324-3F18-4059-B273-C987C7B72EBD} = {84F16324-3F18-4059-B273-C987C7B72EBD}
		{D31BD056-BABF-43C4-9903-5F29404C327C} = {D31BD056-BABF-43C4-9903-5F29404C327C}
	EndProjectSection
EndProject
Project("{2150E333-8FDC-42A3-9474-1A3956D46DE8}") = "Solution Items", "Solution Items", "{B84ED3A1-B8D3-47CA-B77A-DBCC9ADC9A7A}"
	ProjectSection(SolutionItems) = preProject
		.editorconfig = .editorconfig
		nuget.config = nuget.config
		README.md = README.md
	EndProjectSection
EndProject
Project("{9A19103F-16F7-4668-BE54-9A1E7A4F7556}") = "LijsDev.CrystalReportsRunner.Core", "src\LijsDev.CrystalReportsRunner.Core\LijsDev.CrystalReportsRunner.Core.csproj", "{1757BD79-3D40-4B15-81AD-4AA300002AE7}"
EndProject
Project("{9A19103F-16F7-4668-BE54-9A1E7A4F7556}") = "LijsDev.CrystalReportsRunner.Shell", "src\LijsDev.CrystalReportsRunner.Shell\LijsDev.CrystalReportsRunner.Shell.csproj", "{BF8790CC-3804-43A5-9D1C-9F0E7C76065C}"
EndProject
Project("{2150E333-8FDC-42A3-9474-1A3956D46DE8}") = "Runners", "Runners", "{2C959191-3CA7-4D4A-A5CA-820A03463BE2}"
EndProject
Project("{9A19103F-16F7-4668-BE54-9A1E7A4F7556}") = "LijsDev.CrystalReportsRunner.13.0.20.x86", "src\LijsDev.CrystalReportsRunner\LijsDev.CrystalReportsRunner.13.0.20.x86\LijsDev.CrystalReportsRunner.13.0.20.x86.csproj", "{D31BD056-BABF-43C4-9903-5F29404C327C}"
EndProject
Project("{9A19103F-16F7-4668-BE54-9A1E7A4F7556}") = "LijsDev.CrystalReportsRunner.13.0.20.x64", "src\LijsDev.CrystalReportsRunner\LijsDev.CrystalReportsRunner.13.0.20.x64\LijsDev.CrystalReportsRunner.13.0.20.x64.csproj", "{10243967-ED8E-4C0D-B38B-F2204EC5554B}"
EndProject
Project("{9A19103F-16F7-4668-BE54-9A1E7A4F7556}") = "LijsDev.CrystalReportsRunner.13.0.32.x64", "src\LijsDev.CrystalReportsRunner\LijsDev.CrystalReportsRunner.13.0.32.x64\LijsDev.CrystalReportsRunner.13.0.32.x64.csproj", "{84F16324-3F18-4059-B273-C987C7B72EBD}"
EndProject
Project("{9A19103F-16F7-4668-BE54-9A1E7A4F7556}") = "LijsDev.CrystalReportsRunner.13.0.32.x86", "src\LijsDev.CrystalReportsRunner\LijsDev.CrystalReportsRunner.13.0.32.x86\LijsDev.CrystalReportsRunner.13.0.32.x86.csproj", "{510EECF4-FF1D-4B28-85F0-FD8014C742CA}"
EndProject
Project("{9A19103F-16F7-4668-BE54-9A1E7A4F7556}") = "LijsDev.CrystalReportsRunner.13.0.33.x64", "src\LijsDev.CrystalReportsRunner\LijsDev.CrystalReportsRunner.13.0.33.x64\LijsDev.CrystalReportsRunner.13.0.33.x64.csproj", "{084A5DFE-4E02-4989-9EAA-3341AFD5BA8F}"
EndProject
Project("{9A19103F-16F7-4668-BE54-9A1E7A4F7556}") = "LijsDev.CrystalReportsRunner.13.0.33.x86", "src\LijsDev.CrystalReportsRunner\LijsDev.CrystalReportsRunner.13.0.33.x86\LijsDev.CrystalReportsRunner.13.0.33.x86.csproj", "{EBF2F845-8CCC-4362-B73E-E537E05424C1}"
EndProject
Project("{9A19103F-16F7-4668-BE54-9A1E7A4F7556}") = "LijsDev.CrystalReportsRunner.13.0.34.x64", "src\LijsDev.CrystalReportsRunner\LijsDev.CrystalReportsRunner.13.0.34.x64\LijsDev.CrystalReportsRunner.13.0.34.x64.csproj", "{3B7847D1-38CE-4866-8A4D-749EF09DA709}"
EndProject
Project("{9A19103F-16F7-4668-BE54-9A1E7A4F7556}") = "LijsDev.CrystalReportsRunner.13.0.34.x86", "src\LijsDev.CrystalReportsRunner\LijsDev.CrystalReportsRunner.13.0.34.x86\LijsDev.CrystalReportsRunner.13.0.34.x86.csproj", "{117E3A14-F1C1-4AD3-B35F-B64EE56433FC}"
EndProject
Project("{2150E333-8FDC-42A3-9474-1A3956D46DE8}") = "Tests", "Tests", "{0FE7E21A-1D3F-4CF4-9419-3F1FBB3439CB}"
EndProject
Project("{9A19103F-16F7-4668-BE54-9A1E7A4F7556}") = "LijsDev.CrystalReportsRunner.13.0.34.x64.UnitTests", "tests\LijsDev.CrystalReportsRunner.13.0.34.x64.UnitTests\LijsDev.CrystalReportsRunner.13.0.34.x64.UnitTests.csproj", "{130F4898-7495-4608-8ECF-445D2A50AE40}"
EndProject
Project("{9A19103F-16F7-4668-BE54-9A1E7A4F7556}") = "LijsDev.CrystalReportsRunner.Core.UnitTests", "tests\LijsDev.CrystalReportsRunner.Core.UnitTests\LijsDev.CrystalReportsRunner.Core.UnitTests.csproj", "{424BC43E-490B-4793-9380-363AA08A5C55}"
EndProject
Project("{9A19103F-16F7-4668-BE54-9A1E7A4F7556}") = "LijsDev.CrystalReportsRunner.13.0.20.x86.UnitTests", "tests\LijsDev.CrystalReportsRunner.13.0.20.x86.UnitTests\LijsDev.CrystalReportsRunner.13.0.20.x86.UnitTests.csproj", "{CEF76629-942E-45B2-81DD-D66A5A83ED50}"
EndProject
Global
	GlobalSection(SolutionConfigurationPlatforms) = preSolution
		Debug|Any CPU = Debug|Any CPU
		Release|Any CPU = Release|Any CPU
	EndGlobalSection
	GlobalSection(ProjectConfigurationPlatforms) = postSolution
		{CD61D5A1-C086-44F6-8737-D475DE262115}.Debug|Any CPU.ActiveCfg = Debug|Any CPU
		{CD61D5A1-C086-44F6-8737-D475DE262115}.Debug|Any CPU.Build.0 = Debug|Any CPU
		{CD61D5A1-C086-44F6-8737-D475DE262115}.Release|Any CPU.ActiveCfg = Release|Any CPU
		{CD61D5A1-C086-44F6-8737-D475DE262115}.Release|Any CPU.Build.0 = Release|Any CPU
		{C2D043C2-FBB4-4F1F-8610-A688EEBB8A90}.Debug|Any CPU.ActiveCfg = Debug|Any CPU
		{C2D043C2-FBB4-4F1F-8610-A688EEBB8A90}.Debug|Any CPU.Build.0 = Debug|Any CPU
		{C2D043C2-FBB4-4F1F-8610-A688EEBB8A90}.Release|Any CPU.ActiveCfg = Release|Any CPU
		{C2D043C2-FBB4-4F1F-8610-A688EEBB8A90}.Release|Any CPU.Build.0 = Release|Any CPU
		{1757BD79-3D40-4B15-81AD-4AA300002AE7}.Debug|Any CPU.ActiveCfg = Debug|Any CPU
		{1757BD79-3D40-4B15-81AD-4AA300002AE7}.Debug|Any CPU.Build.0 = Debug|Any CPU
		{1757BD79-3D40-4B15-81AD-4AA300002AE7}.Release|Any CPU.ActiveCfg = Release|Any CPU
		{1757BD79-3D40-4B15-81AD-4AA300002AE7}.Release|Any CPU.Build.0 = Release|Any CPU
		{BF8790CC-3804-43A5-9D1C-9F0E7C76065C}.Debug|Any CPU.ActiveCfg = Debug|Any CPU
		{BF8790CC-3804-43A5-9D1C-9F0E7C76065C}.Debug|Any CPU.Build.0 = Debug|Any CPU
		{BF8790CC-3804-43A5-9D1C-9F0E7C76065C}.Release|Any CPU.ActiveCfg = Release|Any CPU
		{BF8790CC-3804-43A5-9D1C-9F0E7C76065C}.Release|Any CPU.Build.0 = Release|Any CPU
		{D31BD056-BABF-43C4-9903-5F29404C327C}.Debug|Any CPU.ActiveCfg = Debug|x86
		{D31BD056-BABF-43C4-9903-5F29404C327C}.Debug|Any CPU.Build.0 = Debug|x86
		{D31BD056-BABF-43C4-9903-5F29404C327C}.Release|Any CPU.ActiveCfg = Release|x86
		{D31BD056-BABF-43C4-9903-5F29404C327C}.Release|Any CPU.Build.0 = Release|x86
		{10243967-ED8E-4C0D-B38B-F2204EC5554B}.Debug|Any CPU.ActiveCfg = Debug|x64
		{10243967-ED8E-4C0D-B38B-F2204EC5554B}.Debug|Any CPU.Build.0 = Debug|x64
		{10243967-ED8E-4C0D-B38B-F2204EC5554B}.Release|Any CPU.ActiveCfg = Release|x64
		{10243967-ED8E-4C0D-B38B-F2204EC5554B}.Release|Any CPU.Build.0 = Release|x64
		{84F16324-3F18-4059-B273-C987C7B72EBD}.Debug|Any CPU.ActiveCfg = Debug|x64
		{84F16324-3F18-4059-B273-C987C7B72EBD}.Debug|Any CPU.Build.0 = Debug|x64
		{84F16324-3F18-4059-B273-C987C7B72EBD}.Release|Any CPU.ActiveCfg = Release|x64
		{84F16324-3F18-4059-B273-C987C7B72EBD}.Release|Any CPU.Build.0 = Release|x64
		{510EECF4-FF1D-4B28-85F0-FD8014C742CA}.Debug|Any CPU.ActiveCfg = Debug|x86
		{510EECF4-FF1D-4B28-85F0-FD8014C742CA}.Debug|Any CPU.Build.0 = Debug|x86
		{510EECF4-FF1D-4B28-85F0-FD8014C742CA}.Release|Any CPU.ActiveCfg = Release|x86
		{510EECF4-FF1D-4B28-85F0-FD8014C742CA}.Release|Any CPU.Build.0 = Release|x86
		{084A5DFE-4E02-4989-9EAA-3341AFD5BA8F}.Debug|Any CPU.ActiveCfg = Debug|x64
		{084A5DFE-4E02-4989-9EAA-3341AFD5BA8F}.Debug|Any CPU.Build.0 = Debug|x64
		{084A5DFE-4E02-4989-9EAA-3341AFD5BA8F}.Release|Any CPU.ActiveCfg = Release|x64
		{084A5DFE-4E02-4989-9EAA-3341AFD5BA8F}.Release|Any CPU.Build.0 = Release|x64
		{EBF2F845-8CCC-4362-B73E-E537E05424C1}.Debug|Any CPU.ActiveCfg = Debug|x86
		{EBF2F845-8CCC-4362-B73E-E537E05424C1}.Debug|Any CPU.Build.0 = Debug|x86
		{EBF2F845-8CCC-4362-B73E-E537E05424C1}.Release|Any CPU.ActiveCfg = Release|x86
		{EBF2F845-8CCC-4362-B73E-E537E05424C1}.Release|Any CPU.Build.0 = Release|x86
		{3B7847D1-38CE-4866-8A4D-749EF09DA709}.Debug|Any CPU.ActiveCfg = Debug|x64
		{3B7847D1-38CE-4866-8A4D-749EF09DA709}.Debug|Any CPU.Build.0 = Debug|x64
		{3B7847D1-38CE-4866-8A4D-749EF09DA709}.Release|Any CPU.ActiveCfg = Release|x64
		{3B7847D1-38CE-4866-8A4D-749EF09DA709}.Release|Any CPU.Build.0 = Release|x64
		{117E3A14-F1C1-4AD3-B35F-B64EE56433FC}.Debug|Any CPU.ActiveCfg = Debug|x86
		{117E3A14-F1C1-4AD3-B35F-B64EE56433FC}.Debug|Any CPU.Build.0 = Debug|x86
		{117E3A14-F1C1-4AD3-B35F-B64EE56433FC}.Release|Any CPU.ActiveCfg = Release|x86
		{117E3A14-F1C1-4AD3-B35F-B64EE56433FC}.Release|Any CPU.Build.0 = Release|x86
		{130F4898-7495-4608-8ECF-445D2A50AE40}.Debug|Any CPU.ActiveCfg = Debug|x64
		{130F4898-7495-4608-8ECF-445D2A50AE40}.Debug|Any CPU.Build.0 = Debug|x64
		{130F4898-7495-4608-8ECF-445D2A50AE40}.Release|Any CPU.ActiveCfg = Release|x64
		{130F4898-7495-4608-8ECF-445D2A50AE40}.Release|Any CPU.Build.0 = Release|x64
		{424BC43E-490B-4793-9380-363AA08A5C55}.Debug|Any CPU.ActiveCfg = Debug|Any CPU
		{424BC43E-490B-4793-9380-363AA08A5C55}.Debug|Any CPU.Build.0 = Debug|Any CPU
		{424BC43E-490B-4793-9380-363AA08A5C55}.Release|Any CPU.ActiveCfg = Release|Any CPU
		{424BC43E-490B-4793-9380-363AA08A5C55}.Release|Any CPU.Build.0 = Release|Any CPU
		{CEF76629-942E-45B2-81DD-D66A5A83ED50}.Debug|Any CPU.ActiveCfg = Debug|x86
		{CEF76629-942E-45B2-81DD-D66A5A83ED50}.Debug|Any CPU.Build.0 = Debug|x86
		{CEF76629-942E-45B2-81DD-D66A5A83ED50}.Release|Any CPU.ActiveCfg = Release|x86
		{CEF76629-942E-45B2-81DD-D66A5A83ED50}.Release|Any CPU.Build.0 = Release|x86
	EndGlobalSection
	GlobalSection(SolutionProperties) = preSolution
		HideSolutionNode = FALSE
	EndGlobalSection
	GlobalSection(NestedProjects) = preSolution
		{CD61D5A1-C086-44F6-8737-D475DE262115} = {792F8F23-2F78-46AE-A221-AB907DC782E9}
		{C2D043C2-FBB4-4F1F-8610-A688EEBB8A90} = {792F8F23-2F78-46AE-A221-AB907DC782E9}
		{BF8790CC-3804-43A5-9D1C-9F0E7C76065C} = {2C959191-3CA7-4D4A-A5CA-820A03463BE2}
		{D31BD056-BABF-43C4-9903-5F29404C327C} = {2C959191-3CA7-4D4A-A5CA-820A03463BE2}
		{10243967-ED8E-4C0D-B38B-F2204EC5554B} = {2C959191-3CA7-4D4A-A5CA-820A03463BE2}
		{84F16324-3F18-4059-B273-C987C7B72EBD} = {2C959191-3CA7-4D4A-A5CA-820A03463BE2}
		{510EECF4-FF1D-4B28-85F0-FD8014C742CA} = {2C959191-3CA7-4D4A-A5CA-820A03463BE2}
		{084A5DFE-4E02-4989-9EAA-3341AFD5BA8F} = {2C959191-3CA7-4D4A-A5CA-820A03463BE2}
		{EBF2F845-8CCC-4362-B73E-E537E05424C1} = {2C959191-3CA7-4D4A-A5CA-820A03463BE2}
		{3B7847D1-38CE-4866-8A4D-749EF09DA709} = {2C959191-3CA7-4D4A-A5CA-820A03463BE2}
		{117E3A14-F1C1-4AD3-B35F-B64EE56433FC} = {2C959191-3CA7-4D4A-A5CA-820A03463BE2}
		{130F4898-7495-4608-8ECF-445D2A50AE40} = {0FE7E21A-1D3F-4CF4-9419-3F1FBB3439CB}
		{424BC43E-490B-4793-9380-363AA08A5C55} = {0FE7E21A-1D3F-4CF4-9419-3F1FBB3439CB}
		{CEF76629-942E-45B2-81DD-D66A5A83ED50} = {0FE7E21A-1D3F-4CF4-9419-3F1FBB3439CB}
	EndGlobalSection
	GlobalSection(ExtensibilityGlobals) = postSolution
		SolutionGuid = {C5FC37DC-8D46-467D-A953-13551666872B}
	EndGlobalSection
EndGlobal
